// !$*UTF8*$!
{
	archiveVersion = 1;
	classes = {
	};
	objectVersion = 55;
	objects = {

/* Begin PBXBuildFile section */
		3EB5EF12FE184378335527A9 /* Pods_SnipKitIosApp_SnipKitIosAppUITests.framework in Frameworks */ = {isa = PBXBuildFile; fileRef = 67D68EF1EAB005D296E2A3EB /* Pods_SnipKitIosApp_SnipKitIosAppUITests.framework */; };
		4AF1ECF264E5C9A88F930054 /* Pods_SnipKitIosAppTests.framework in Frameworks */ = {isa = PBXBuildFile; fileRef = 89C96F0F9686246425B3110C /* Pods_SnipKitIosAppTests.framework */; };
		C3042C1B28E978220096772E /* CFTool.swift in Sources */ = {isa = PBXBuildFile; fileRef = C3042C1A28E978220096772E /* CFTool.swift */; };
		C32657FF28E1CC2400FA2960 /* AppDelegate.swift in Sources */ = {isa = PBXBuildFile; fileRef = C32657FE28E1CC2400FA2960 /* AppDelegate.swift */; };
		C326580328E1CC2400FA2960 /* ViewController.swift in Sources */ = {isa = PBXBuildFile; fileRef = C326580228E1CC2400FA2960 /* ViewController.swift */; };
		C326580828E1CC2400FA2960 /* Assets.xcassets in Resources */ = {isa = PBXBuildFile; fileRef = C326580728E1CC2400FA2960 /* Assets.xcassets */; };
		C326580B28E1CC2400FA2960 /* LaunchScreen.storyboard in Resources */ = {isa = PBXBuildFile; fileRef = C326580928E1CC2400FA2960 /* LaunchScreen.storyboard */; };
		C326581628E1CC2400FA2960 /* SnipKitIosAppTests.swift in Sources */ = {isa = PBXBuildFile; fileRef = C326581528E1CC2400FA2960 /* SnipKitIosAppTests.swift */; };
		C326582028E1CC2400FA2960 /* SnipKitIosAppUITests.swift in Sources */ = {isa = PBXBuildFile; fileRef = C326581F28E1CC2400FA2960 /* SnipKitIosAppUITests.swift */; };
		C326582228E1CC2400FA2960 /* SnipKitIosAppUITestsLaunchTests.swift in Sources */ = {isa = PBXBuildFile; fileRef = C326582128E1CC2400FA2960 /* SnipKitIosAppUITestsLaunchTests.swift */; };
		C787FC4319D8B998CBC68F1E /* Pods_SnipKitIosApp.framework in Frameworks */ = {isa = PBXBuildFile; fileRef = 05487A8BAFA2775885817333 /* Pods_SnipKitIosApp.framework */; };
/* End PBXBuildFile section */

/* Begin PBXContainerItemProxy section */
		C326581228E1CC2400FA2960 /* PBXContainerItemProxy */ = {
			isa = PBXContainerItemProxy;
			containerPortal = C32657F328E1CC2400FA2960 /* Project object */;
			proxyType = 1;
			remoteGlobalIDString = C32657FA28E1CC2400FA2960;
			remoteInfo = SnipKitIosApp;
		};
		C326581C28E1CC2400FA2960 /* PBXContainerItemProxy */ = {
			isa = PBXContainerItemProxy;
			containerPortal = C32657F328E1CC2400FA2960 /* Project object */;
			proxyType = 1;
			remoteGlobalIDString = C32657FA28E1CC2400FA2960;
			remoteInfo = SnipKitIosApp;
		};
/* End PBXContainerItemProxy section */

/* Begin PBXFileReference section */
		05487A8BAFA2775885817333 /* Pods_SnipKitIosApp.framework */ = {isa = PBXFileReference; explicitFileType = wrapper.framework; includeInIndex = 0; path = Pods_SnipKitIosApp.framework; sourceTree = BUILT_PRODUCTS_DIR; };
		08D6985125F90B830376BD5B /* Pods-SnipKitIosAppTests.debug.xcconfig */ = {isa = PBXFileReference; includeInIndex = 1; lastKnownFileType = text.xcconfig; name = "Pods-SnipKitIosAppTests.debug.xcconfig"; path = "Target Support Files/Pods-SnipKitIosAppTests/Pods-SnipKitIosAppTests.debug.xcconfig"; sourceTree = "<group>"; };
		0B63F9D8922B6F0DE9E421A5 /* Pods-SnipKitIosAppTests.release.xcconfig */ = {isa = PBXFileReference; includeInIndex = 1; lastKnownFileType = text.xcconfig; name = "Pods-SnipKitIosAppTests.release.xcconfig"; path = "Target Support Files/Pods-SnipKitIosAppTests/Pods-SnipKitIosAppTests.release.xcconfig"; sourceTree = "<group>"; };
		0C21B858CED5930E5D9ECDA7 /* Pods-SnipKitIosApp.debug.xcconfig */ = {isa = PBXFileReference; includeInIndex = 1; lastKnownFileType = text.xcconfig; name = "Pods-SnipKitIosApp.debug.xcconfig"; path = "Target Support Files/Pods-SnipKitIosApp/Pods-SnipKitIosApp.debug.xcconfig"; sourceTree = "<group>"; };
		33B6ED26DE1FAEB00424F7F2 /* Pods-SnipKitIosApp.release.xcconfig */ = {isa = PBXFileReference; includeInIndex = 1; lastKnownFileType = text.xcconfig; name = "Pods-SnipKitIosApp.release.xcconfig"; path = "Target Support Files/Pods-SnipKitIosApp/Pods-SnipKitIosApp.release.xcconfig"; sourceTree = "<group>"; };
		4B359CA6386829C7A8001742 /* Pods-SnipKitIosApp-SnipKitIosAppUITests.release.xcconfig */ = {isa = PBXFileReference; includeInIndex = 1; lastKnownFileType = text.xcconfig; name = "Pods-SnipKitIosApp-SnipKitIosAppUITests.release.xcconfig"; path = "Target Support Files/Pods-SnipKitIosApp-SnipKitIosAppUITests/Pods-SnipKitIosApp-SnipKitIosAppUITests.release.xcconfig"; sourceTree = "<group>"; };
		5FD2A9B0E400C2149A386F06 /* Pods-SnipKitIosApp-SnipKitIosAppUITests.debug.xcconfig */ = {isa = PBXFileReference; includeInIndex = 1; lastKnownFileType = text.xcconfig; name = "Pods-SnipKitIosApp-SnipKitIosAppUITests.debug.xcconfig"; path = "Target Support Files/Pods-SnipKitIosApp-SnipKitIosAppUITests/Pods-SnipKitIosApp-SnipKitIosAppUITests.debug.xcconfig"; sourceTree = "<group>"; };
		67D68EF1EAB005D296E2A3EB /* Pods_SnipKitIosApp_SnipKitIosAppUITests.framework */ = {isa = PBXFileReference; explicitFileType = wrapper.framework; includeInIndex = 0; path = Pods_SnipKitIosApp_SnipKitIosAppUITests.framework; sourceTree = BUILT_PRODUCTS_DIR; };
		89C96F0F9686246425B3110C /* Pods_SnipKitIosAppTests.framework */ = {isa = PBXFileReference; explicitFileType = wrapper.framework; includeInIndex = 0; path = Pods_SnipKitIosAppTests.framework; sourceTree = BUILT_PRODUCTS_DIR; };
		C3042C1A28E978220096772E /* CFTool.swift */ = {isa = PBXFileReference; fileEncoding = 4; lastKnownFileType = sourcecode.swift; path = CFTool.swift; sourceTree = "<group>"; };
		C32657FB28E1CC2400FA2960 /* SnipKitIosApp.app */ = {isa = PBXFileReference; explicitFileType = wrapper.application; includeInIndex = 0; path = SnipKitIosApp.app; sourceTree = BUILT_PRODUCTS_DIR; };
		C32657FE28E1CC2400FA2960 /* AppDelegate.swift */ = {isa = PBXFileReference; lastKnownFileType = sourcecode.swift; path = AppDelegate.swift; sourceTree = "<group>"; };
		C326580228E1CC2400FA2960 /* ViewController.swift */ = {isa = PBXFileReference; lastKnownFileType = sourcecode.swift; path = ViewController.swift; sourceTree = "<group>"; };
		C326580728E1CC2400FA2960 /* Assets.xcassets */ = {isa = PBXFileReference; lastKnownFileType = folder.assetcatalog; path = Assets.xcassets; sourceTree = "<group>"; };
		C326580A28E1CC2400FA2960 /* Base */ = {isa = PBXFileReference; lastKnownFileType = file.storyboard; name = Base; path = Base.lproj/LaunchScreen.storyboard; sourceTree = "<group>"; };
		C326580C28E1CC2400FA2960 /* Info.plist */ = {isa = PBXFileReference; lastKnownFileType = text.plist.xml; path = Info.plist; sourceTree = "<group>"; };
		C326581128E1CC2400FA2960 /* SnipKitIosAppTests.xctest */ = {isa = PBXFileReference; explicitFileType = wrapper.cfbundle; includeInIndex = 0; path = SnipKitIosAppTests.xctest; sourceTree = BUILT_PRODUCTS_DIR; };
		C326581528E1CC2400FA2960 /* SnipKitIosAppTests.swift */ = {isa = PBXFileReference; lastKnownFileType = sourcecode.swift; path = SnipKitIosAppTests.swift; sourceTree = "<group>"; };
		C326581B28E1CC2400FA2960 /* SnipKitIosAppUITests.xctest */ = {isa = PBXFileReference; explicitFileType = wrapper.cfbundle; includeInIndex = 0; path = SnipKitIosAppUITests.xctest; sourceTree = BUILT_PRODUCTS_DIR; };
		C326581F28E1CC2400FA2960 /* SnipKitIosAppUITests.swift */ = {isa = PBXFileReference; lastKnownFileType = sourcecode.swift; path = SnipKitIosAppUITests.swift; sourceTree = "<group>"; };
		C326582128E1CC2400FA2960 /* SnipKitIosAppUITestsLaunchTests.swift */ = {isa = PBXFileReference; lastKnownFileType = sourcecode.swift; path = SnipKitIosAppUITestsLaunchTests.swift; sourceTree = "<group>"; };
/* End PBXFileReference section */

/* Begin PBXFrameworksBuildPhase section */
		C32657F828E1CC2400FA2960 /* Frameworks */ = {
			isa = PBXFrameworksBuildPhase;
			buildActionMask = 2147483647;
			files = (
				C787FC4319D8B998CBC68F1E /* Pods_SnipKitIosApp.framework in Frameworks */,
			);
			runOnlyForDeploymentPostprocessing = 0;
		};
		C326580E28E1CC2400FA2960 /* Frameworks */ = {
			isa = PBXFrameworksBuildPhase;
			buildActionMask = 2147483647;
			files = (
				4AF1ECF264E5C9A88F930054 /* Pods_SnipKitIosAppTests.framework in Frameworks */,
			);
			runOnlyForDeploymentPostprocessing = 0;
		};
		C326581828E1CC2400FA2960 /* Frameworks */ = {
			isa = PBXFrameworksBuildPhase;
			buildActionMask = 2147483647;
			files = (
				3EB5EF12FE184378335527A9 /* Pods_SnipKitIosApp_SnipKitIosAppUITests.framework in Frameworks */,
			);
			runOnlyForDeploymentPostprocessing = 0;
		};
/* End PBXFrameworksBuildPhase section */

/* Begin PBXGroup section */
		0A5F15B32B05E68BF0A2B54A /* Pods */ = {
			isa = PBXGroup;
			children = (
				0C21B858CED5930E5D9ECDA7 /* Pods-SnipKitIosApp.debug.xcconfig */,
				33B6ED26DE1FAEB00424F7F2 /* Pods-SnipKitIosApp.release.xcconfig */,
				5FD2A9B0E400C2149A386F06 /* Pods-SnipKitIosApp-SnipKitIosAppUITests.debug.xcconfig */,
				4B359CA6386829C7A8001742 /* Pods-SnipKitIosApp-SnipKitIosAppUITests.release.xcconfig */,
				08D6985125F90B830376BD5B /* Pods-SnipKitIosAppTests.debug.xcconfig */,
				0B63F9D8922B6F0DE9E421A5 /* Pods-SnipKitIosAppTests.release.xcconfig */,
			);
			path = Pods;
			sourceTree = "<group>";
		};
		B350FE8D99B454C777F3F02A /* Frameworks */ = {
			isa = PBXGroup;
			children = (
				05487A8BAFA2775885817333 /* Pods_SnipKitIosApp.framework */,
				67D68EF1EAB005D296E2A3EB /* Pods_SnipKitIosApp_SnipKitIosAppUITests.framework */,
				89C96F0F9686246425B3110C /* Pods_SnipKitIosAppTests.framework */,
			);
			name = Frameworks;
			sourceTree = "<group>";
		};
		C32657F228E1CC2400FA2960 = {
			isa = PBXGroup;
			children = (
				C32657FD28E1CC2400FA2960 /* SnipKitIosApp */,
				C326581428E1CC2400FA2960 /* SnipKitIosAppTests */,
				C326581E28E1CC2400FA2960 /* SnipKitIosAppUITests */,
				C32657FC28E1CC2400FA2960 /* Products */,
				0A5F15B32B05E68BF0A2B54A /* Pods */,
				B350FE8D99B454C777F3F02A /* Frameworks */,
			);
			sourceTree = "<group>";
		};
		C32657FC28E1CC2400FA2960 /* Products */ = {
			isa = PBXGroup;
			children = (
				C32657FB28E1CC2400FA2960 /* SnipKitIosApp.app */,
				C326581128E1CC2400FA2960 /* SnipKitIosAppTests.xctest */,
				C326581B28E1CC2400FA2960 /* SnipKitIosAppUITests.xctest */,
			);
			name = Products;
			sourceTree = "<group>";
		};
		C32657FD28E1CC2400FA2960 /* SnipKitIosApp */ = {
			isa = PBXGroup;
			children = (
				C3042C1A28E978220096772E /* CFTool.swift */,
				C32657FE28E1CC2400FA2960 /* AppDelegate.swift */,
				C326580228E1CC2400FA2960 /* ViewController.swift */,
				C326580728E1CC2400FA2960 /* Assets.xcassets */,
				C326580928E1CC2400FA2960 /* LaunchScreen.storyboard */,
				C326580C28E1CC2400FA2960 /* Info.plist */,
			);
			path = SnipKitIosApp;
			sourceTree = "<group>";
		};
		C326581428E1CC2400FA2960 /* SnipKitIosAppTests */ = {
			isa = PBXGroup;
			children = (
				C326581528E1CC2400FA2960 /* SnipKitIosAppTests.swift */,
			);
			path = SnipKitIosAppTests;
			sourceTree = "<group>";
		};
		C326581E28E1CC2400FA2960 /* SnipKitIosAppUITests */ = {
			isa = PBXGroup;
			children = (
				C326581F28E1CC2400FA2960 /* SnipKitIosAppUITests.swift */,
				C326582128E1CC2400FA2960 /* SnipKitIosAppUITestsLaunchTests.swift */,
			);
			path = SnipKitIosAppUITests;
			sourceTree = "<group>";
		};
/* End PBXGroup section */

/* Begin PBXNativeTarget section */
		C32657FA28E1CC2400FA2960 /* SnipKitIosApp */ = {
			isa = PBXNativeTarget;
			buildConfigurationList = C326582528E1CC2400FA2960 /* Build configuration list for PBXNativeTarget "SnipKitIosApp" */;
			buildPhases = (
				0D609BA258C1428252245487 /* [CP] Check Pods Manifest.lock */,
				C32657F728E1CC2400FA2960 /* Sources */,
				C32657F828E1CC2400FA2960 /* Frameworks */,
				C32657F928E1CC2400FA2960 /* Resources */,
				79DA21F0D92AC492F94D5F03 /* [CP] Embed Pods Frameworks */,
			);
			buildRules = (
			);
			dependencies = (
			);
			name = SnipKitIosApp;
			productName = SnipKitIosApp;
			productReference = C32657FB28E1CC2400FA2960 /* SnipKitIosApp.app */;
			productType = "com.apple.product-type.application";
		};
		C326581028E1CC2400FA2960 /* SnipKitIosAppTests */ = {
			isa = PBXNativeTarget;
			buildConfigurationList = C326582828E1CC2400FA2960 /* Build configuration list for PBXNativeTarget "SnipKitIosAppTests" */;
			buildPhases = (
				088F0CA24225BB9EC9FE5310 /* [CP] Check Pods Manifest.lock */,
				C326580D28E1CC2400FA2960 /* Sources */,
				C326580E28E1CC2400FA2960 /* Frameworks */,
				C326580F28E1CC2400FA2960 /* Resources */,
			);
			buildRules = (
			);
			dependencies = (
				C326581328E1CC2400FA2960 /* PBXTargetDependency */,
			);
			name = SnipKitIosAppTests;
			productName = SnipKitIosAppTests;
			productReference = C326581128E1CC2400FA2960 /* SnipKitIosAppTests.xctest */;
			productType = "com.apple.product-type.bundle.unit-test";
		};
		C326581A28E1CC2400FA2960 /* SnipKitIosAppUITests */ = {
			isa = PBXNativeTarget;
			buildConfigurationList = C326582B28E1CC2400FA2960 /* Build configuration list for PBXNativeTarget "SnipKitIosAppUITests" */;
			buildPhases = (
				9B16368BA3A223126758E3FE /* [CP] Check Pods Manifest.lock */,
				C326581728E1CC2400FA2960 /* Sources */,
				C326581828E1CC2400FA2960 /* Frameworks */,
				C326581928E1CC2400FA2960 /* Resources */,
				920656041190E735F7FFE20B /* [CP] Embed Pods Frameworks */,
			);
			buildRules = (
			);
			dependencies = (
				C326581D28E1CC2400FA2960 /* PBXTargetDependency */,
			);
			name = SnipKitIosAppUITests;
			productName = SnipKitIosAppUITests;
			productReference = C326581B28E1CC2400FA2960 /* SnipKitIosAppUITests.xctest */;
			productType = "com.apple.product-type.bundle.ui-testing";
		};
/* End PBXNativeTarget section */

/* Begin PBXProject section */
		C32657F328E1CC2400FA2960 /* Project object */ = {
			isa = PBXProject;
			attributes = {
				BuildIndependentTargetsInParallel = 1;
				LastSwiftUpdateCheck = 1400;
				LastUpgradeCheck = 1400;
				TargetAttributes = {
					C32657FA28E1CC2400FA2960 = {
						CreatedOnToolsVersion = 14.0;
					};
					C326581028E1CC2400FA2960 = {
						CreatedOnToolsVersion = 14.0;
						TestTargetID = C32657FA28E1CC2400FA2960;
					};
					C326581A28E1CC2400FA2960 = {
						CreatedOnToolsVersion = 14.0;
						TestTargetID = C32657FA28E1CC2400FA2960;
					};
				};
			};
			buildConfigurationList = C32657F628E1CC2400FA2960 /* Build configuration list for PBXProject "SnipKitIosApp" */;
			compatibilityVersion = "Xcode 13.0";
			developmentRegion = en;
			hasScannedForEncodings = 0;
			knownRegions = (
				en,
				Base,
			);
			mainGroup = C32657F228E1CC2400FA2960;
			productRefGroup = C32657FC28E1CC2400FA2960 /* Products */;
			projectDirPath = "";
			projectRoot = "";
			targets = (
				C32657FA28E1CC2400FA2960 /* SnipKitIosApp */,
				C326581028E1CC2400FA2960 /* SnipKitIosAppTests */,
				C326581A28E1CC2400FA2960 /* SnipKitIosAppUITests */,
			);
		};
/* End PBXProject section */

/* Begin PBXResourcesBuildPhase section */
		C32657F928E1CC2400FA2960 /* Resources */ = {
			isa = PBXResourcesBuildPhase;
			buildActionMask = 2147483647;
			files = (
				C326580B28E1CC2400FA2960 /* LaunchScreen.storyboard in Resources */,
				C326580828E1CC2400FA2960 /* Assets.xcassets in Resources */,
			);
			runOnlyForDeploymentPostprocessing = 0;
		};
		C326580F28E1CC2400FA2960 /* Resources */ = {
			isa = PBXResourcesBuildPhase;
			buildActionMask = 2147483647;
			files = (
			);
			runOnlyForDeploymentPostprocessing = 0;
		};
		C326581928E1CC2400FA2960 /* Resources */ = {
			isa = PBXResourcesBuildPhase;
			buildActionMask = 2147483647;
			files = (
			);
			runOnlyForDeploymentPostprocessing = 0;
		};
/* End PBXResourcesBuildPhase section */

/* Begin PBXShellScriptBuildPhase section */
		088F0CA24225BB9EC9FE5310 /* [CP] Check Pods Manifest.lock */ = {
			isa = PBXShellScriptBuildPhase;
			buildActionMask = 2147483647;
			files = (
			);
			inputFileListPaths = (
			);
			inputPaths = (
				"${PODS_PODFILE_DIR_PATH}/Podfile.lock",
				"${PODS_ROOT}/Manifest.lock",
			);
			name = "[CP] Check Pods Manifest.lock";
			outputFileListPaths = (
			);
			outputPaths = (
				"$(DERIVED_FILE_DIR)/Pods-SnipKitIosAppTests-checkManifestLockResult.txt",
			);
			runOnlyForDeploymentPostprocessing = 0;
			shellPath = /bin/sh;
			shellScript = "diff \"${PODS_PODFILE_DIR_PATH}/Podfile.lock\" \"${PODS_ROOT}/Manifest.lock\" > /dev/null\nif [ $? != 0 ] ; then\n    # print error to STDERR\n    echo \"error: The sandbox is not in sync with the Podfile.lock. Run 'pod install' or update your CocoaPods installation.\" >&2\n    exit 1\nfi\n# This output is used by Xcode 'outputs' to avoid re-running this script phase.\necho \"SUCCESS\" > \"${SCRIPT_OUTPUT_FILE_0}\"\n";
			showEnvVarsInLog = 0;
		};
		0D609BA258C1428252245487 /* [CP] Check Pods Manifest.lock */ = {
			isa = PBXShellScriptBuildPhase;
			buildActionMask = 2147483647;
			files = (
			);
			inputFileListPaths = (
			);
			inputPaths = (
				"${PODS_PODFILE_DIR_PATH}/Podfile.lock",
				"${PODS_ROOT}/Manifest.lock",
			);
			name = "[CP] Check Pods Manifest.lock";
			outputFileListPaths = (
			);
			outputPaths = (
				"$(DERIVED_FILE_DIR)/Pods-SnipKitIosApp-checkManifestLockResult.txt",
			);
			runOnlyForDeploymentPostprocessing = 0;
			shellPath = /bin/sh;
			shellScript = "diff \"${PODS_PODFILE_DIR_PATH}/Podfile.lock\" \"${PODS_ROOT}/Manifest.lock\" > /dev/null\nif [ $? != 0 ] ; then\n    # print error to STDERR\n    echo \"error: The sandbox is not in sync with the Podfile.lock. Run 'pod install' or update your CocoaPods installation.\" >&2\n    exit 1\nfi\n# This output is used by Xcode 'outputs' to avoid re-running this script phase.\necho \"SUCCESS\" > \"${SCRIPT_OUTPUT_FILE_0}\"\n";
			showEnvVarsInLog = 0;
		};
		79DA21F0D92AC492F94D5F03 /* [CP] Embed Pods Frameworks */ = {
			isa = PBXShellScriptBuildPhase;
			buildActionMask = 2147483647;
			files = (
			);
			inputFileListPaths = (
				"${PODS_ROOT}/Target Support Files/Pods-SnipKitIosApp/Pods-SnipKitIosApp-frameworks-${CONFIGURATION}-input-files.xcfilelist",
			);
			name = "[CP] Embed Pods Frameworks";
			outputFileListPaths = (
				"${PODS_ROOT}/Target Support Files/Pods-SnipKitIosApp/Pods-SnipKitIosApp-frameworks-${CONFIGURATION}-output-files.xcfilelist",
			);
			runOnlyForDeploymentPostprocessing = 0;
			shellPath = /bin/sh;
			shellScript = "\"${PODS_ROOT}/Target Support Files/Pods-SnipKitIosApp/Pods-SnipKitIosApp-frameworks.sh\"\n";
			showEnvVarsInLog = 0;
		};
		920656041190E735F7FFE20B /* [CP] Embed Pods Frameworks */ = {
			isa = PBXShellScriptBuildPhase;
			buildActionMask = 2147483647;
			files = (
			);
			inputFileListPaths = (
				"${PODS_ROOT}/Target Support Files/Pods-SnipKitIosApp-SnipKitIosAppUITests/Pods-SnipKitIosApp-SnipKitIosAppUITests-frameworks-${CONFIGURATION}-input-files.xcfilelist",
			);
			name = "[CP] Embed Pods Frameworks";
			outputFileListPaths = (
				"${PODS_ROOT}/Target Support Files/Pods-SnipKitIosApp-SnipKitIosAppUITests/Pods-SnipKitIosApp-SnipKitIosAppUITests-frameworks-${CONFIGURATION}-output-files.xcfilelist",
			);
			runOnlyForDeploymentPostprocessing = 0;
			shellPath = /bin/sh;
			shellScript = "\"${PODS_ROOT}/Target Support Files/Pods-SnipKitIosApp-SnipKitIosAppUITests/Pods-SnipKitIosApp-SnipKitIosAppUITests-frameworks.sh\"\n";
			showEnvVarsInLog = 0;
		};
		9B16368BA3A223126758E3FE /* [CP] Check Pods Manifest.lock */ = {
			isa = PBXShellScriptBuildPhase;
			buildActionMask = 2147483647;
			files = (
			);
			inputFileListPaths = (
			);
			inputPaths = (
				"${PODS_PODFILE_DIR_PATH}/Podfile.lock",
				"${PODS_ROOT}/Manifest.lock",
			);
			name = "[CP] Check Pods Manifest.lock";
			outputFileListPaths = (
			);
			outputPaths = (
				"$(DERIVED_FILE_DIR)/Pods-SnipKitIosApp-SnipKitIosAppUITests-checkManifestLockResult.txt",
			);
			runOnlyForDeploymentPostprocessing = 0;
			shellPath = /bin/sh;
			shellScript = "diff \"${PODS_PODFILE_DIR_PATH}/Podfile.lock\" \"${PODS_ROOT}/Manifest.lock\" > /dev/null\nif [ $? != 0 ] ; then\n    # print error to STDERR\n    echo \"error: The sandbox is not in sync with the Podfile.lock. Run 'pod install' or update your CocoaPods installation.\" >&2\n    exit 1\nfi\n# This output is used by Xcode 'outputs' to avoid re-running this script phase.\necho \"SUCCESS\" > \"${SCRIPT_OUTPUT_FILE_0}\"\n";
			showEnvVarsInLog = 0;
		};
/* End PBXShellScriptBuildPhase section */

/* Begin PBXSourcesBuildPhase section */
		C32657F728E1CC2400FA2960 /* Sources */ = {
			isa = PBXSourcesBuildPhase;
			buildActionMask = 2147483647;
			files = (
				C326580328E1CC2400FA2960 /* ViewController.swift in Sources */,
				C32657FF28E1CC2400FA2960 /* AppDelegate.swift in Sources */,
				C3042C1B28E978220096772E /* CFTool.swift in Sources */,
			);
			runOnlyForDeploymentPostprocessing = 0;
		};
		C326580D28E1CC2400FA2960 /* Sources */ = {
			isa = PBXSourcesBuildPhase;
			buildActionMask = 2147483647;
			files = (
				C326581628E1CC2400FA2960 /* SnipKitIosAppTests.swift in Sources */,
			);
			runOnlyForDeploymentPostprocessing = 0;
		};
		C326581728E1CC2400FA2960 /* Sources */ = {
			isa = PBXSourcesBuildPhase;
			buildActionMask = 2147483647;
			files = (
				C326582028E1CC2400FA2960 /* SnipKitIosAppUITests.swift in Sources */,
				C326582228E1CC2400FA2960 /* SnipKitIosAppUITestsLaunchTests.swift in Sources */,
			);
			runOnlyForDeploymentPostprocessing = 0;
		};
/* End PBXSourcesBuildPhase section */

/* Begin PBXTargetDependency section */
		C326581328E1CC2400FA2960 /* PBXTargetDependency */ = {
			isa = PBXTargetDependency;
			target = C32657FA28E1CC2400FA2960 /* SnipKitIosApp */;
			targetProxy = C326581228E1CC2400FA2960 /* PBXContainerItemProxy */;
		};
		C326581D28E1CC2400FA2960 /* PBXTargetDependency */ = {
			isa = PBXTargetDependency;
			target = C32657FA28E1CC2400FA2960 /* SnipKitIosApp */;
			targetProxy = C326581C28E1CC2400FA2960 /* PBXContainerItemProxy */;
		};
/* End PBXTargetDependency section */

/* Begin PBXVariantGroup section */
		C326580928E1CC2400FA2960 /* LaunchScreen.storyboard */ = {
			isa = PBXVariantGroup;
			children = (
				C326580A28E1CC2400FA2960 /* Base */,
			);
			name = LaunchScreen.storyboard;
			sourceTree = "<group>";
		};
/* End PBXVariantGroup section */

/* Begin XCBuildConfiguration section */
		C326582328E1CC2400FA2960 /* Debug */ = {
			isa = XCBuildConfiguration;
			buildSettings = {
				ALWAYS_SEARCH_USER_PATHS = NO;
				CLANG_ANALYZER_NONNULL = YES;
				CLANG_ANALYZER_NUMBER_OBJECT_CONVERSION = YES_AGGRESSIVE;
				CLANG_CXX_LANGUAGE_STANDARD = "gnu++20";
				CLANG_ENABLE_MODULES = YES;
				CLANG_ENABLE_OBJC_ARC = YES;
				CLANG_ENABLE_OBJC_WEAK = YES;
				CLANG_WARN_BLOCK_CAPTURE_AUTORELEASING = YES;
				CLANG_WARN_BOOL_CONVERSION = YES;
				CLANG_WARN_COMMA = YES;
				CLANG_WARN_CONSTANT_CONVERSION = YES;
				CLANG_WARN_DEPRECATED_OBJC_IMPLEMENTATIONS = YES;
				CLANG_WARN_DIRECT_OBJC_ISA_USAGE = YES_ERROR;
				CLANG_WARN_DOCUMENTATION_COMMENTS = YES;
				CLANG_WARN_EMPTY_BODY = YES;
				CLANG_WARN_ENUM_CONVERSION = YES;
				CLANG_WARN_INFINITE_RECURSION = YES;
				CLANG_WARN_INT_CONVERSION = YES;
				CLANG_WARN_NON_LITERAL_NULL_CONVERSION = YES;
				CLANG_WARN_OBJC_IMPLICIT_RETAIN_SELF = YES;
				CLANG_WARN_OBJC_LITERAL_CONVERSION = YES;
				CLANG_WARN_OBJC_ROOT_CLASS = YES_ERROR;
				CLANG_WARN_QUOTED_INCLUDE_IN_FRAMEWORK_HEADER = YES;
				CLANG_WARN_RANGE_LOOP_ANALYSIS = YES;
				CLANG_WARN_STRICT_PROTOTYPES = YES;
				CLANG_WARN_SUSPICIOUS_MOVE = YES;
				CLANG_WARN_UNGUARDED_AVAILABILITY = YES_AGGRESSIVE;
				CLANG_WARN_UNREACHABLE_CODE = YES;
				CLANG_WARN__DUPLICATE_METHOD_MATCH = YES;
				COPY_PHASE_STRIP = NO;
				DEBUG_INFORMATION_FORMAT = dwarf;
				ENABLE_STRICT_OBJC_MSGSEND = YES;
				ENABLE_TESTABILITY = YES;
				GCC_C_LANGUAGE_STANDARD = gnu11;
				GCC_DYNAMIC_NO_PIC = NO;
				GCC_NO_COMMON_BLOCKS = YES;
				GCC_OPTIMIZATION_LEVEL = 0;
				GCC_PREPROCESSOR_DEFINITIONS = (
					"DEBUG=1",
					"$(inherited)",
				);
				GCC_WARN_64_TO_32_BIT_CONVERSION = YES;
				GCC_WARN_ABOUT_RETURN_TYPE = YES_ERROR;
				GCC_WARN_UNDECLARED_SELECTOR = YES;
				GCC_WARN_UNINITIALIZED_AUTOS = YES_AGGRESSIVE;
				GCC_WARN_UNUSED_FUNCTION = YES;
				GCC_WARN_UNUSED_VARIABLE = YES;
				IPHONEOS_DEPLOYMENT_TARGET = 16.0;
				MTL_ENABLE_DEBUG_INFO = INCLUDE_SOURCE;
				MTL_FAST_MATH = YES;
				ONLY_ACTIVE_ARCH = YES;
				SDKROOT = iphoneos;
				SWIFT_ACTIVE_COMPILATION_CONDITIONS = DEBUG;
				SWIFT_OPTIMIZATION_LEVEL = "-Onone";
			};
			name = Debug;
		};
		C326582428E1CC2400FA2960 /* Release */ = {
			isa = XCBuildConfiguration;
			buildSettings = {
				ALWAYS_SEARCH_USER_PATHS = NO;
				CLANG_ANALYZER_NONNULL = YES;
				CLANG_ANALYZER_NUMBER_OBJECT_CONVERSION = YES_AGGRESSIVE;
				CLANG_CXX_LANGUAGE_STANDARD = "gnu++20";
				CLANG_ENABLE_MODULES = YES;
				CLANG_ENABLE_OBJC_ARC = YES;
				CLANG_ENABLE_OBJC_WEAK = YES;
				CLANG_WARN_BLOCK_CAPTURE_AUTORELEASING = YES;
				CLANG_WARN_BOOL_CONVERSION = YES;
				CLANG_WARN_COMMA = YES;
				CLANG_WARN_CONSTANT_CONVERSION = YES;
				CLANG_WARN_DEPRECATED_OBJC_IMPLEMENTATIONS = YES;
				CLANG_WARN_DIRECT_OBJC_ISA_USAGE = YES_ERROR;
				CLANG_WARN_DOCUMENTATION_COMMENTS = YES;
				CLANG_WARN_EMPTY_BODY = YES;
				CLANG_WARN_ENUM_CONVERSION = YES;
				CLANG_WARN_INFINITE_RECURSION = YES;
				CLANG_WARN_INT_CONVERSION = YES;
				CLANG_WARN_NON_LITERAL_NULL_CONVERSION = YES;
				CLANG_WARN_OBJC_IMPLICIT_RETAIN_SELF = YES;
				CLANG_WARN_OBJC_LITERAL_CONVERSION = YES;
				CLANG_WARN_OBJC_ROOT_CLASS = YES_ERROR;
				CLANG_WARN_QUOTED_INCLUDE_IN_FRAMEWORK_HEADER = YES;
				CLANG_WARN_RANGE_LOOP_ANALYSIS = YES;
				CLANG_WARN_STRICT_PROTOTYPES = YES;
				CLANG_WARN_SUSPICIOUS_MOVE = YES;
				CLANG_WARN_UNGUARDED_AVAILABILITY = YES_AGGRESSIVE;
				CLANG_WARN_UNREACHABLE_CODE = YES;
				CLANG_WARN__DUPLICATE_METHOD_MATCH = YES;
				COPY_PHASE_STRIP = NO;
				DEBUG_INFORMATION_FORMAT = "dwarf-with-dsym";
				ENABLE_NS_ASSERTIONS = NO;
				ENABLE_STRICT_OBJC_MSGSEND = YES;
				GCC_C_LANGUAGE_STANDARD = gnu11;
				GCC_NO_COMMON_BLOCKS = YES;
				GCC_WARN_64_TO_32_BIT_CONVERSION = YES;
				GCC_WARN_ABOUT_RETURN_TYPE = YES_ERROR;
				GCC_WARN_UNDECLARED_SELECTOR = YES;
				GCC_WARN_UNINITIALIZED_AUTOS = YES_AGGRESSIVE;
				GCC_WARN_UNUSED_FUNCTION = YES;
				GCC_WARN_UNUSED_VARIABLE = YES;
				IPHONEOS_DEPLOYMENT_TARGET = 16.0;
				MTL_ENABLE_DEBUG_INFO = NO;
				MTL_FAST_MATH = YES;
				SDKROOT = iphoneos;
				SWIFT_COMPILATION_MODE = wholemodule;
				SWIFT_OPTIMIZATION_LEVEL = "-O";
				VALIDATE_PRODUCT = YES;
			};
			name = Release;
		};
		C326582628E1CC2400FA2960 /* Debug */ = {
			isa = XCBuildConfiguration;
			baseConfigurationReference = 0C21B858CED5930E5D9ECDA7 /* Pods-SnipKitIosApp.debug.xcconfig */;
			buildSettings = {
				ASSETCATALOG_COMPILER_APPICON_NAME = AppIcon;
				ASSETCATALOG_COMPILER_GLOBAL_ACCENT_COLOR_NAME = AccentColor;
				CODE_SIGN_STYLE = Automatic;
				CURRENT_PROJECT_VERSION = 1;
				DEVELOPMENT_TEAM = Y5B65CRXMW;
				GENERATE_INFOPLIST_FILE = YES;
				INFOPLIST_FILE = SnipKitIosApp/Info.plist;
				INFOPLIST_KEY_UIApplicationSupportsIndirectInputEvents = YES;
				INFOPLIST_KEY_UILaunchStoryboardName = LaunchScreen;
				INFOPLIST_KEY_UISupportedInterfaceOrientations_iPad = "UIInterfaceOrientationPortrait UIInterfaceOrientationPortraitUpsideDown UIInterfaceOrientationLandscapeLeft UIInterfaceOrientationLandscapeRight";
				INFOPLIST_KEY_UISupportedInterfaceOrientations_iPhone = "UIInterfaceOrientationPortrait UIInterfaceOrientationLandscapeLeft UIInterfaceOrientationLandscapeRight";
				LD_RUNPATH_SEARCH_PATHS = (
					"$(inherited)",
					"@executable_path/Frameworks",
				);
				MARKETING_VERSION = 1.0;
				PRODUCT_BUNDLE_IDENTIFIER = smart.SnipKitIosApp;
				PRODUCT_NAME = "$(TARGET_NAME)";
				SWIFT_EMIT_LOC_STRINGS = YES;
				SWIFT_VERSION = 5.0;
				TARGETED_DEVICE_FAMILY = "1,2";
			};
			name = Debug;
		};
		C326582728E1CC2400FA2960 /* Release */ = {
			isa = XCBuildConfiguration;
			baseConfigurationReference = 33B6ED26DE1FAEB00424F7F2 /* Pods-SnipKitIosApp.release.xcconfig */;
			buildSettings = {
				ASSETCATALOG_COMPILER_APPICON_NAME = AppIcon;
				ASSETCATALOG_COMPILER_GLOBAL_ACCENT_COLOR_NAME = AccentColor;
				CODE_SIGN_STYLE = Automatic;
				CURRENT_PROJECT_VERSION = 1;
				DEVELOPMENT_TEAM = Y5B65CRXMW;
				GENERATE_INFOPLIST_FILE = YES;
				INFOPLIST_FILE = SnipKitIosApp/Info.plist;
				INFOPLIST_KEY_UIApplicationSupportsIndirectInputEvents = YES;
				INFOPLIST_KEY_UILaunchStoryboardName = LaunchScreen;
				INFOPLIST_KEY_UISupportedInterfaceOrientations_iPad = "UIInterfaceOrientationPortrait UIInterfaceOrientationPortraitUpsideDown UIInterfaceOrientationLandscapeLeft UIInterfaceOrientationLandscapeRight";
				INFOPLIST_KEY_UISupportedInterfaceOrientations_iPhone = "UIInterfaceOrientationPortrait UIInterfaceOrientationLandscapeLeft UIInterfaceOrientationLandscapeRight";
				LD_RUNPATH_SEARCH_PATHS = (
					"$(inherited)",
					"@executable_path/Frameworks",
				);
				MARKETING_VERSION = 1.0;
				PRODUCT_BUNDLE_IDENTIFIER = smart.SnipKitIosApp;
				PRODUCT_NAME = "$(TARGET_NAME)";
				SWIFT_EMIT_LOC_STRINGS = YES;
				SWIFT_VERSION = 5.0;
				TARGETED_DEVICE_FAMILY = "1,2";
			};
			name = Release;
		};
		C326582928E1CC2400FA2960 /* Debug */ = {
			isa = XCBuildConfiguration;
			baseConfigurationReference = 08D6985125F90B830376BD5B /* Pods-SnipKitIosAppTests.debug.xcconfig */;
			buildSettings = {
				ALWAYS_EMBED_SWIFT_STANDARD_LIBRARIES = YES;
				BUNDLE_LOADER = "$(TEST_HOST)";
				CODE_SIGN_STYLE = Automatic;
				CURRENT_PROJECT_VERSION = 1;
				DEVELOPMENT_TEAM = Y5B65CRXMW;
				GENERATE_INFOPLIST_FILE = YES;
				IPHONEOS_DEPLOYMENT_TARGET = 16.0;
				MARKETING_VERSION = 1.0;
				PRODUCT_BUNDLE_IDENTIFIER = smart.SnipKitIosAppTests;
				PRODUCT_NAME = "$(TARGET_NAME)";
				SWIFT_EMIT_LOC_STRINGS = NO;
				SWIFT_VERSION = 5.0;
				TARGETED_DEVICE_FAMILY = "1,2";
				TEST_HOST = "$(BUILT_PRODUCTS_DIR)/SnipKitIosApp.app/$(BUNDLE_EXECUTABLE_FOLDER_PATH)/SnipKitIosApp";
			};
			name = Debug;
		};
		C326582A28E1CC2400FA2960 /* Release */ = {
			isa = XCBuildConfiguration;
			baseConfigurationReference = 0B63F9D8922B6F0DE9E421A5 /* Pods-SnipKitIosAppTests.release.xcconfig */;
			buildSettings = {
				ALWAYS_EMBED_SWIFT_STANDARD_LIBRARIES = YES;
				BUNDLE_LOADER = "$(TEST_HOST)";
				CODE_SIGN_STYLE = Automatic;
				CURRENT_PROJECT_VERSION = 1;
				DEVELOPMENT_TEAM = Y5B65CRXMW;
				GENERATE_INFOPLIST_FILE = YES;
				IPHONEOS_DEPLOYMENT_TARGET = 16.0;
				MARKETING_VERSION = 1.0;
				PRODUCT_BUNDLE_IDENTIFIER = smart.SnipKitIosAppTests;
				PRODUCT_NAME = "$(TARGET_NAME)";
				SWIFT_EMIT_LOC_STRINGS = NO;
				SWIFT_VERSION = 5.0;
				TARGETED_DEVICE_FAMILY = "1,2";
				TEST_HOST = "$(BUILT_PRODUCTS_DIR)/SnipKitIosApp.app/$(BUNDLE_EXECUTABLE_FOLDER_PATH)/SnipKitIosApp";
			};
			name = Release;
		};
		C326582C28E1CC2400FA2960 /* Debug */ = {
			isa = XCBuildConfiguration;
			baseConfigurationReference = 5FD2A9B0E400C2149A386F06 /* Pods-SnipKitIosApp-SnipKitIosAppUITests.debug.xcconfig */;
			buildSettings = {
				ALWAYS_EMBED_SWIFT_STANDARD_LIBRARIES = YES;
				CODE_SIGN_STYLE = Automatic;
				CURRENT_PROJECT_VERSION = 1;
				DEVELOPMENT_TEAM = Y5B65CRXMW;
				GENERATE_INFOPLIST_FILE = YES;
				MARKETING_VERSION = 1.0;
				PRODUCT_BUNDLE_IDENTIFIER = smart.SnipKitIosAppUITests;
				PRODUCT_NAME = "$(TARGET_NAME)";
				SWIFT_EMIT_LOC_STRINGS = NO;
				SWIFT_VERSION = 5.0;
				TARGETED_DEVICE_FAMILY = "1,2";
				TEST_TARGET_NAME = SnipKitIosApp;
			};
			name = Debug;
		};
		C326582D28E1CC2400FA2960 /* Release */ = {
			isa = XCBuildConfiguration;
			baseConfigurationReference = 4B359CA6386829C7A8001742 /* Pods-SnipKitIosApp-SnipKitIosAppUITests.release.xcconfig */;
			buildSettings = {
				ALWAYS_EMBED_SWIFT_STANDARD_LIBRARIES = YES;
				CODE_SIGN_STYLE = Automatic;
				CURRENT_PROJECT_VERSION = 1;
				DEVELOPMENT_TEAM = Y5B65CRXMW;
				GENERATE_INFOPLIST_FILE = YES;
				MARKETING_VERSION = 1.0;
				PRODUCT_BUNDLE_IDENTIFIER = smart.SnipKitIosAppUITests;
				PRODUCT_NAME = "$(TARGET_NAME)";
				SWIFT_EMIT_LOC_STRINGS = NO;
				SWIFT_VERSION = 5.0;
				TARGETED_DEVICE_FAMILY = "1,2";
				TEST_TARGET_NAME = SnipKitIosApp;
			};
			name = Release;
		};
/* End XCBuildConfiguration section */

/* Begin XCConfigurationList section */
		C32657F628E1CC2400FA2960 /* Build configuration list for PBXProject "SnipKitIosApp" */ = {
			isa = XCConfigurationList;
			buildConfigurations = (
				C326582328E1CC2400FA2960 /* Debug */,
				C326582428E1CC2400FA2960 /* Release */,
			);
			defaultConfigurationIsVisible = 0;
			defaultConfigurationName = Release;
		};
		C326582528E1CC2400FA2960 /* Build configuration list for PBXNativeTarget "SnipKitIosApp" */ = {
			isa = XCConfigurationList;
			buildConfigurations = (
				C326582628E1CC2400FA2960 /* Debug */,
				C326582728E1CC2400FA2960 /* Release */,
			);
			defaultConfigurationIsVisible = 0;
			defaultConfigurationName = Release;
		};
		C326582828E1CC2400FA2960 /* Build configuration list for PBXNativeTarget "SnipKitIosAppTests" */ = {
			isa = XCConfigurationList;
			buildConfigurations = (
				C326582928E1CC2400FA2960 /* Debug */,
				C326582A28E1CC2400FA2960 /* Release */,
			);
			defaultConfigurationIsVisible = 0;
			defaultConfigurationName = Release;
		};
		C326582B28E1CC2400FA2960 /* Build configuration list for PBXNativeTarget "SnipKitIosAppUITests" */ = {
			isa = XCConfigurationList;
			buildConfigurations = (
				C326582C28E1CC2400FA2960 /* Debug */,
				C326582D28E1CC2400FA2960 /* Release */,
			);
			defaultConfigurationIsVisible = 0;
			defaultConfigurationName = Release;
		};
/* End XCConfigurationList section */
	};
	rootObject = C32657F328E1CC2400FA2960 /* Project object */;
}
